<Solution>
  <Folder Name="/services/">
    <Project Path="QuestionService/QuestionService.csproj" Id="091332a9-19ae-4f5f-b9d4-e1312a0b5511" />
    <Project Path="SearchService/SearchService.csproj" Id="5c515e0c-7037-438e-a286-44f1885a5684" />
  </Folder>
  <Project Path="Overflow.AppHost/Overflow.AppHost.csproj" />
  <Project Path="Overflow.ServiceDefaults/Overflow.ServiceDefaults.csproj" />
  <Project Path="QuestionService.Data/QuestionService.Data.csproj" />
</Solution>
